// !$*UTF8*$!
{
	archiveVersion = 1;
	classes = {
	};
	objectVersion = 46;
	objects = {

/* Begin PBXBuildFile section */
		8FF6CE51E748C38A6420B23A /* Pods_tumblr_2Tests.framework in Frameworks */ = {isa = PBXBuildFile; fileRef = EA6EB1CFEEFAD67A48B18691 /* Pods_tumblr_2Tests.framework */; };
		97A58002883F33354C5E0799 /* Pods_tumblr_2UITests.framework in Frameworks */ = {isa = PBXBuildFile; fileRef = 72B04C46CA91BFC42D5427B5 /* Pods_tumblr_2UITests.framework */; };
		BCBA59C5202AE4BC005AE387 /* PhotosViewController.swift in Sources */ = {isa = PBXBuildFile; fileRef = BCBA59C4202AE4BC005AE387 /* PhotosViewController.swift */; };
		BCC75E0D202AE14D00BD2775 /* AppDelegate.swift in Sources */ = {isa = PBXBuildFile; fileRef = BCC75E0C202AE14D00BD2775 /* AppDelegate.swift */; };
		BCC75E12202AE14D00BD2775 /* Main.storyboard in Resources */ = {isa = PBXBuildFile; fileRef = BCC75E10202AE14D00BD2775 /* Main.storyboard */; };
		BCC75E14202AE14D00BD2775 /* Assets.xcassets in Resources */ = {isa = PBXBuildFile; fileRef = BCC75E13202AE14D00BD2775 /* Assets.xcassets */; };
		BCC75E17202AE14D00BD2775 /* LaunchScreen.storyboard in Resources */ = {isa = PBXBuildFile; fileRef = BCC75E15202AE14D00BD2775 /* LaunchScreen.storyboard */; };
		BCC75E22202AE14E00BD2775 /* tumblr_2Tests.swift in Sources */ = {isa = PBXBuildFile; fileRef = BCC75E21202AE14E00BD2775 /* tumblr_2Tests.swift */; };
		BCC75E2D202AE14E00BD2775 /* tumblr_2UITests.swift in Sources */ = {isa = PBXBuildFile; fileRef = BCC75E2C202AE14E00BD2775 /* tumblr_2UITests.swift */; };
		EB19DB96E370C1FA01FF60A6 /* Pods_tumblr_2.framework in Frameworks */ = {isa = PBXBuildFile; fileRef = 51D554E05B7AC4A6868BF5A5 /* Pods_tumblr_2.framework */; };
/* End PBXBuildFile section */

/* Begin PBXContainerItemProxy section */
		BCC75E1E202AE14E00BD2775 /* PBXContainerItemProxy */ = {
			isa = PBXContainerItemProxy;
			containerPortal = BCC75E01202AE14D00BD2775 /* Project object */;
			proxyType = 1;
			remoteGlobalIDString = BCC75E08202AE14D00BD2775;
			remoteInfo = tumblr_2;
		};
		BCC75E29202AE14E00BD2775 /* PBXContainerItemProxy */ = {
			isa = PBXContainerItemProxy;
			containerPortal = BCC75E01202AE14D00BD2775 /* Project object */;
			proxyType = 1;
			remoteGlobalIDString = BCC75E08202AE14D00BD2775;
			remoteInfo = tumblr_2;
		};
/* End PBXContainerItemProxy section */

/* Begin PBXFileReference section */
		0ABDFC02836727AF1BA5FC79 /* Pods-tumblr_2Tests.release.xcconfig */ = {isa = PBXFileReference; includeInIndex = 1; lastKnownFileType = text.xcconfig; name = "Pods-tumblr_2Tests.release.xcconfig"; path = "Pods/Target Support Files/Pods-tumblr_2Tests/Pods-tumblr_2Tests.release.xcconfig"; sourceTree = "<group>"; };
		2059BE723E99BC8FF5AC58C2 /* Pods-tumblr_2Tests.debug.xcconfig */ = {isa = PBXFileReference; includeInIndex = 1; lastKnownFileType = text.xcconfig; name = "Pods-tumblr_2Tests.debug.xcconfig"; path = "Pods/Target Support Files/Pods-tumblr_2Tests/Pods-tumblr_2Tests.debug.xcconfig"; sourceTree = "<group>"; };
		31B93D22FB09F474AAA5A0A9 /* Pods-tumblr_2UITests.debug.xcconfig */ = {isa = PBXFileReference; includeInIndex = 1; lastKnownFileType = text.xcconfig; name = "Pods-tumblr_2UITests.debug.xcconfig"; path = "Pods/Target Support Files/Pods-tumblr_2UITests/Pods-tumblr_2UITests.debug.xcconfig"; sourceTree = "<group>"; };
		51D554E05B7AC4A6868BF5A5 /* Pods_tumblr_2.framework */ = {isa = PBXFileReference; explicitFileType = wrapper.framework; includeInIndex = 0; path = Pods_tumblr_2.framework; sourceTree = BUILT_PRODUCTS_DIR; };
		72B04C46CA91BFC42D5427B5 /* Pods_tumblr_2UITests.framework */ = {isa = PBXFileReference; explicitFileType = wrapper.framework; includeInIndex = 0; path = Pods_tumblr_2UITests.framework; sourceTree = BUILT_PRODUCTS_DIR; };
		8D8847551A72CC3C9AB2A228 /* Pods-tumblr_2.release.xcconfig */ = {isa = PBXFileReference; includeInIndex = 1; lastKnownFileType = text.xcconfig; name = "Pods-tumblr_2.release.xcconfig"; path = "Pods/Target Support Files/Pods-tumblr_2/Pods-tumblr_2.release.xcconfig"; sourceTree = "<group>"; };
		B42DEA0916ED9DC4CF8109BA /* Pods-tumblr_2UITests.release.xcconfig */ = {isa = PBXFileReference; includeInIndex = 1; lastKnownFileType = text.xcconfig; name = "Pods-tumblr_2UITests.release.xcconfig"; path = "Pods/Target Support Files/Pods-tumblr_2UITests/Pods-tumblr_2UITests.release.xcconfig"; sourceTree = "<group>"; };
		BCBA59C4202AE4BC005AE387 /* PhotosViewController.swift */ = {isa = PBXFileReference; fileEncoding = 4; lastKnownFileType = sourcecode.swift; path = PhotosViewController.swift; sourceTree = "<group>"; };
		BCC75E09202AE14D00BD2775 /* tumblr_2.app */ = {isa = PBXFileReference; explicitFileType = wrapper.application; includeInIndex = 0; path = tumblr_2.app; sourceTree = BUILT_PRODUCTS_DIR; };
		BCC75E0C202AE14D00BD2775 /* AppDelegate.swift */ = {isa = PBXFileReference; lastKnownFileType = sourcecode.swift; path = AppDelegate.swift; sourceTree = "<group>"; };
		BCC75E11202AE14D00BD2775 /* Base */ = {isa = PBXFileReference; lastKnownFileType = file.storyboard; name = Base; path = Base.lproj/Main.storyboard; sourceTree = "<group>"; };
		BCC75E13202AE14D00BD2775 /* Assets.xcassets */ = {isa = PBXFileReference; lastKnownFileType = folder.assetcatalog; path = Assets.xcassets; sourceTree = "<group>"; };
		BCC75E16202AE14D00BD2775 /* Base */ = {isa = PBXFileReference; lastKnownFileType = file.storyboard; name = Base; path = Base.lproj/LaunchScreen.storyboard; sourceTree = "<group>"; };
		BCC75E18202AE14D00BD2775 /* Info.plist */ = {isa = PBXFileReference; lastKnownFileType = text.plist.xml; path = Info.plist; sourceTree = "<group>"; };
		BCC75E1D202AE14E00BD2775 /* tumblr_2Tests.xctest */ = {isa = PBXFileReference; explicitFileType = wrapper.cfbundle; includeInIndex = 0; path = tumblr_2Tests.xctest; sourceTree = BUILT_PRODUCTS_DIR; };
		BCC75E21202AE14E00BD2775 /* tumblr_2Tests.swift */ = {isa = PBXFileReference; lastKnownFileType = sourcecode.swift; path = tumblr_2Tests.swift; sourceTree = "<group>"; };
		BCC75E23202AE14E00BD2775 /* Info.plist */ = {isa = PBXFileReference; lastKnownFileType = text.plist.xml; path = Info.plist; sourceTree = "<group>"; };
		BCC75E28202AE14E00BD2775 /* tumblr_2UITests.xctest */ = {isa = PBXFileReference; explicitFileType = wrapper.cfbundle; includeInIndex = 0; path = tumblr_2UITests.xctest; sourceTree = BUILT_PRODUCTS_DIR; };
		BCC75E2C202AE14E00BD2775 /* tumblr_2UITests.swift */ = {isa = PBXFileReference; lastKnownFileType = sourcecode.swift; path = tumblr_2UITests.swift; sourceTree = "<group>"; };
		BCC75E2E202AE14E00BD2775 /* Info.plist */ = {isa = PBXFileReference; lastKnownFileType = text.plist.xml; path = Info.plist; sourceTree = "<group>"; };
		C1F47145B3B1AD57FA53825C /* Pods-tumblr_2.debug.xcconfig */ = {isa = PBXFileReference; includeInIndex = 1; lastKnownFileType = text.xcconfig; name = "Pods-tumblr_2.debug.xcconfig"; path = "Pods/Target Support Files/Pods-tumblr_2/Pods-tumblr_2.debug.xcconfig"; sourceTree = "<group>"; };
		EA6EB1CFEEFAD67A48B18691 /* Pods_tumblr_2Tests.framework */ = {isa = PBXFileReference; explicitFileType = wrapper.framework; includeInIndex = 0; path = Pods_tumblr_2Tests.framework; sourceTree = BUILT_PRODUCTS_DIR; };
/* End PBXFileReference section */

/* Begin PBXFrameworksBuildPhase section */
		BCC75E06202AE14D00BD2775 /* Frameworks */ = {
			isa = PBXFrameworksBuildPhase;
			buildActionMask = 2147483647;
			files = (
				EB19DB96E370C1FA01FF60A6 /* Pods_tumblr_2.framework in Frameworks */,
			);
			runOnlyForDeploymentPostprocessing = 0;
		};
		BCC75E1A202AE14E00BD2775 /* Frameworks */ = {
			isa = PBXFrameworksBuildPhase;
			buildActionMask = 2147483647;
			files = (
				8FF6CE51E748C38A6420B23A /* Pods_tumblr_2Tests.framework in Frameworks */,
			);
			runOnlyForDeploymentPostprocessing = 0;
		};
		BCC75E25202AE14E00BD2775 /* Frameworks */ = {
			isa = PBXFrameworksBuildPhase;
			buildActionMask = 2147483647;
			files = (
				97A58002883F33354C5E0799 /* Pods_tumblr_2UITests.framework in Frameworks */,
			);
			runOnlyForDeploymentPostprocessing = 0;
		};
/* End PBXFrameworksBuildPhase section */

/* Begin PBXGroup section */
		55EB20A8373D4D5E39A9DAC1 /* Frameworks */ = {
			isa = PBXGroup;
			children = (
				51D554E05B7AC4A6868BF5A5 /* Pods_tumblr_2.framework */,
				EA6EB1CFEEFAD67A48B18691 /* Pods_tumblr_2Tests.framework */,
				72B04C46CA91BFC42D5427B5 /* Pods_tumblr_2UITests.framework */,
			);
			name = Frameworks;
			sourceTree = "<group>";
		};
		7F153416EB265484CCEC6B5F /* Pods */ = {
			isa = PBXGroup;
			children = (
				C1F47145B3B1AD57FA53825C /* Pods-tumblr_2.debug.xcconfig */,
				8D8847551A72CC3C9AB2A228 /* Pods-tumblr_2.release.xcconfig */,
				2059BE723E99BC8FF5AC58C2 /* Pods-tumblr_2Tests.debug.xcconfig */,
				0ABDFC02836727AF1BA5FC79 /* Pods-tumblr_2Tests.release.xcconfig */,
				31B93D22FB09F474AAA5A0A9 /* Pods-tumblr_2UITests.debug.xcconfig */,
				B42DEA0916ED9DC4CF8109BA /* Pods-tumblr_2UITests.release.xcconfig */,
			);
			name = Pods;
			sourceTree = "<group>";
		};
		BCC75E00202AE14D00BD2775 = {
			isa = PBXGroup;
			children = (
				BCC75E0B202AE14D00BD2775 /* tumblr_2 */,
				BCC75E20202AE14E00BD2775 /* tumblr_2Tests */,
				BCC75E2B202AE14E00BD2775 /* tumblr_2UITests */,
				BCC75E0A202AE14D00BD2775 /* Products */,
				7F153416EB265484CCEC6B5F /* Pods */,
				55EB20A8373D4D5E39A9DAC1 /* Frameworks */,
			);
			sourceTree = "<group>";
		};
		BCC75E0A202AE14D00BD2775 /* Products */ = {
			isa = PBXGroup;
			children = (
				BCC75E09202AE14D00BD2775 /* tumblr_2.app */,
				BCC75E1D202AE14E00BD2775 /* tumblr_2Tests.xctest */,
				BCC75E28202AE14E00BD2775 /* tumblr_2UITests.xctest */,
			);
			name = Products;
			sourceTree = "<group>";
		};
		BCC75E0B202AE14D00BD2775 /* tumblr_2 */ = {
			isa = PBXGroup;
			children = (
				BCC75E0C202AE14D00BD2775 /* AppDelegate.swift */,
				BCC75E10202AE14D00BD2775 /* Main.storyboard */,
				BCC75E13202AE14D00BD2775 /* Assets.xcassets */,
				BCC75E15202AE14D00BD2775 /* LaunchScreen.storyboard */,
				BCC75E18202AE14D00BD2775 /* Info.plist */,
				BCBA59C4202AE4BC005AE387 /* PhotosViewController.swift */,
			);
			path = tumblr_2;
			sourceTree = "<group>";
		};
		BCC75E20202AE14E00BD2775 /* tumblr_2Tests */ = {
			isa = PBXGroup;
			children = (
				BCC75E21202AE14E00BD2775 /* tumblr_2Tests.swift */,
				BCC75E23202AE14E00BD2775 /* Info.plist */,
			);
			path = tumblr_2Tests;
			sourceTree = "<group>";
		};
		BCC75E2B202AE14E00BD2775 /* tumblr_2UITests */ = {
			isa = PBXGroup;
			children = (
				BCC75E2C202AE14E00BD2775 /* tumblr_2UITests.swift */,
				BCC75E2E202AE14E00BD2775 /* Info.plist */,
			);
			path = tumblr_2UITests;
			sourceTree = "<group>";
		};
/* End PBXGroup section */

/* Begin PBXNativeTarget section */
		BCC75E08202AE14D00BD2775 /* tumblr_2 */ = {
			isa = PBXNativeTarget;
			buildConfigurationList = BCC75E31202AE14E00BD2775 /* Build configuration list for PBXNativeTarget "tumblr_2" */;
			buildPhases = (
				17F14869337255580A8342BF /* [CP] Check Pods Manifest.lock */,
				BCC75E05202AE14D00BD2775 /* Sources */,
				BCC75E06202AE14D00BD2775 /* Frameworks */,
				BCC75E07202AE14D00BD2775 /* Resources */,
				0D5DC554A28AD391488A25E2 /* [CP] Embed Pods Frameworks */,
				AC754F7EF411BF984E2207E5 /* [CP] Copy Pods Resources */,
			);
			buildRules = (
			);
			dependencies = (
			);
			name = tumblr_2;
			productName = tumblr_2;
			productReference = BCC75E09202AE14D00BD2775 /* tumblr_2.app */;
			productType = "com.apple.product-type.application";
		};
		BCC75E1C202AE14E00BD2775 /* tumblr_2Tests */ = {
			isa = PBXNativeTarget;
			buildConfigurationList = BCC75E34202AE14E00BD2775 /* Build configuration list for PBXNativeTarget "tumblr_2Tests" */;
			buildPhases = (
				87C6914655950CB85200D4A1 /* [CP] Check Pods Manifest.lock */,
				BCC75E19202AE14E00BD2775 /* Sources */,
				BCC75E1A202AE14E00BD2775 /* Frameworks */,
				BCC75E1B202AE14E00BD2775 /* Resources */,
				347C068D9EC93DB6DDAB9705 /* [CP] Embed Pods Frameworks */,
				779088E77825B003C2ECB216 /* [CP] Copy Pods Resources */,
			);
			buildRules = (
			);
			dependencies = (
				BCC75E1F202AE14E00BD2775 /* PBXTargetDependency */,
			);
			name = tumblr_2Tests;
			productName = tumblr_2Tests;
			productReference = BCC75E1D202AE14E00BD2775 /* tumblr_2Tests.xctest */;
			productType = "com.apple.product-type.bundle.unit-test";
		};
		BCC75E27202AE14E00BD2775 /* tumblr_2UITests */ = {
			isa = PBXNativeTarget;
			buildConfigurationList = BCC75E37202AE14E00BD2775 /* Build configuration list for PBXNativeTarget "tumblr_2UITests" */;
			buildPhases = (
				4D1608B3DA3DA4BAA02BD6F1 /* [CP] Check Pods Manifest.lock */,
				BCC75E24202AE14E00BD2775 /* Sources */,
				BCC75E25202AE14E00BD2775 /* Frameworks */,
				BCC75E26202AE14E00BD2775 /* Resources */,
				9A602D403AFC5B607C510E0A /* [CP] Embed Pods Frameworks */,
				3326EFBEF37E82BFE9633519 /* [CP] Copy Pods Resources */,
			);
			buildRules = (
			);
			dependencies = (
				BCC75E2A202AE14E00BD2775 /* PBXTargetDependency */,
			);
			name = tumblr_2UITests;
			productName = tumblr_2UITests;
			productReference = BCC75E28202AE14E00BD2775 /* tumblr_2UITests.xctest */;
			productType = "com.apple.product-type.bundle.ui-testing";
		};
/* End PBXNativeTarget section */

/* Begin PBXProject section */
		BCC75E01202AE14D00BD2775 /* Project object */ = {
			isa = PBXProject;
			attributes = {
				LastSwiftUpdateCheck = 0830;
				LastUpgradeCheck = 0830;
				ORGANIZATIONNAME = "Alicia Washington";
				TargetAttributes = {
					BCC75E08202AE14D00BD2775 = {
						CreatedOnToolsVersion = 8.3.3;
						ProvisioningStyle = Automatic;
					};
					BCC75E1C202AE14E00BD2775 = {
						CreatedOnToolsVersion = 8.3.3;
						ProvisioningStyle = Automatic;
						TestTargetID = BCC75E08202AE14D00BD2775;
					};
					BCC75E27202AE14E00BD2775 = {
						CreatedOnToolsVersion = 8.3.3;
						ProvisioningStyle = Automatic;
						TestTargetID = BCC75E08202AE14D00BD2775;
					};
				};
			};
			buildConfigurationList = BCC75E04202AE14D00BD2775 /* Build configuration list for PBXProject "tumblr_2" */;
			compatibilityVersion = "Xcode 3.2";
			developmentRegion = English;
			hasScannedForEncodings = 0;
			knownRegions = (
				en,
				Base,
			);
			mainGroup = BCC75E00202AE14D00BD2775;
			productRefGroup = BCC75E0A202AE14D00BD2775 /* Products */;
			projectDirPath = "";
			projectRoot = "";
			targets = (
				BCC75E08202AE14D00BD2775 /* tumblr_2 */,
				BCC75E1C202AE14E00BD2775 /* tumblr_2Tests */,
				BCC75E27202AE14E00BD2775 /* tumblr_2UITests */,
			);
		};
/* End PBXProject section */

/* Begin PBXResourcesBuildPhase section */
		BCC75E07202AE14D00BD2775 /* Resources */ = {
			isa = PBXResourcesBuildPhase;
			buildActionMask = 2147483647;
			files = (
				BCC75E17202AE14D00BD2775 /* LaunchScreen.storyboard in Resources */,
				BCC75E14202AE14D00BD2775 /* Assets.xcassets in Resources */,
				BCC75E12202AE14D00BD2775 /* Main.storyboard in Resources */,
			);
			runOnlyForDeploymentPostprocessing = 0;
		};
		BCC75E1B202AE14E00BD2775 /* Resources */ = {
			isa = PBXResourcesBuildPhase;
			buildActionMask = 2147483647;
			files = (
			);
			runOnlyForDeploymentPostprocessing = 0;
		};
		BCC75E26202AE14E00BD2775 /* Resources */ = {
			isa = PBXResourcesBuildPhase;
			buildActionMask = 2147483647;
			files = (
			);
			runOnlyForDeploymentPostprocessing = 0;
		};
/* End PBXResourcesBuildPhase section */

/* Begin PBXShellScriptBuildPhase section */
		0D5DC554A28AD391488A25E2 /* [CP] Embed Pods Frameworks */ = {
			isa = PBXShellScriptBuildPhase;
			buildActionMask = 2147483647;
			files = (
			);
			inputPaths = (
				"${SRCROOT}/Pods/Target Support Files/Pods-tumblr_2/Pods-tumblr_2-frameworks.sh",
				"${BUILT_PRODUCTS_DIR}/Alamofire/Alamofire.framework",
				"${BUILT_PRODUCTS_DIR}/AlamofireImage/AlamofireImage.framework",
			);
			name = "[CP] Embed Pods Frameworks";
			outputPaths = (
				"${TARGET_BUILD_DIR}/${FRAMEWORKS_FOLDER_PATH}/Alamofire.framework",
				"${TARGET_BUILD_DIR}/${FRAMEWORKS_FOLDER_PATH}/AlamofireImage.framework",
			);
			runOnlyForDeploymentPostprocessing = 0;
			shellPath = /bin/sh;
			shellScript = "\"${SRCROOT}/Pods/Target Support Files/Pods-tumblr_2/Pods-tumblr_2-frameworks.sh\"\n";
			showEnvVarsInLog = 0;
		};
		17F14869337255580A8342BF /* [CP] Check Pods Manifest.lock */ = {
			isa = PBXShellScriptBuildPhase;
			buildActionMask = 2147483647;
			files = (
			);
			inputPaths = (
				"${PODS_PODFILE_DIR_PATH}/Podfile.lock",
				"${PODS_ROOT}/Manifest.lock",
			);
			name = "[CP] Check Pods Manifest.lock";
			outputPaths = (
				"$(DERIVED_FILE_DIR)/Pods-tumblr_2-checkManifestLockResult.txt",
			);
			runOnlyForDeploymentPostprocessing = 0;
			shellPath = /bin/sh;
			shellScript = "diff \"${PODS_PODFILE_DIR_PATH}/Podfile.lock\" \"${PODS_ROOT}/Manifest.lock\" > /dev/null\nif [ $? != 0 ] ; then\n    # print error to STDERR\n    echo \"error: The sandbox is not in sync with the Podfile.lock. Run 'pod install' or update your CocoaPods installation.\" >&2\n    exit 1\nfi\n# This output is used by Xcode 'outputs' to avoid re-running this script phase.\necho \"SUCCESS\" > \"${SCRIPT_OUTPUT_FILE_0}\"\n";
			showEnvVarsInLog = 0;
		};
		3326EFBEF37E82BFE9633519 /* [CP] Copy Pods Resources */ = {
			isa = PBXShellScriptBuildPhase;
			buildActionMask = 2147483647;
			files = (
			);
			inputPaths = (
			);
			name = "[CP] Copy Pods Resources";
			outputPaths = (
			);
			runOnlyForDeploymentPostprocessing = 0;
			shellPath = /bin/sh;
			shellScript = "\"${SRCROOT}/Pods/Target Support Files/Pods-tumblr_2UITests/Pods-tumblr_2UITests-resources.sh\"\n";
			showEnvVarsInLog = 0;
		};
		347C068D9EC93DB6DDAB9705 /* [CP] Embed Pods Frameworks */ = {
			isa = PBXShellScriptBuildPhase;
			buildActionMask = 2147483647;
			files = (
			);
			inputPaths = (
			);
			name = "[CP] Embed Pods Frameworks";
			outputPaths = (
			);
			runOnlyForDeploymentPostprocessing = 0;
			shellPath = /bin/sh;
			shellScript = "\"${SRCROOT}/Pods/Target Support Files/Pods-tumblr_2Tests/Pods-tumblr_2Tests-frameworks.sh\"\n";
			showEnvVarsInLog = 0;
		};
		4D1608B3DA3DA4BAA02BD6F1 /* [CP] Check Pods Manifest.lock */ = {
			isa = PBXShellScriptBuildPhase;
			buildActionMask = 2147483647;
			files = (
			);
			inputPaths = (
				"${PODS_PODFILE_DIR_PATH}/Podfile.lock",
				"${PODS_ROOT}/Manifest.lock",
			);
			name = "[CP] Check Pods Manifest.lock";
			outputPaths = (
				"$(DERIVED_FILE_DIR)/Pods-tumblr_2UITests-checkManifestLockResult.txt",
			);
			runOnlyForDeploymentPostprocessing = 0;
			shellPath = /bin/sh;
			shellScript = "diff \"${PODS_PODFILE_DIR_PATH}/Podfile.lock\" \"${PODS_ROOT}/Manifest.lock\" > /dev/null\nif [ $? != 0 ] ; then\n    # print error to STDERR\n    echo \"error: The sandbox is not in sync with the Podfile.lock. Run 'pod install' or update your CocoaPods installation.\" >&2\n    exit 1\nfi\n# This output is used by Xcode 'outputs' to avoid re-running this script phase.\necho \"SUCCESS\" > \"${SCRIPT_OUTPUT_FILE_0}\"\n";
			showEnvVarsInLog = 0;
		};
		779088E77825B003C2ECB216 /* [CP] Copy Pods Resources */ = {
			isa = PBXShellScriptBuildPhase;
			buildActionMask = 2147483647;
			files = (
			);
			inputPaths = (
			);
			name = "[CP] Copy Pods Resources";
			outputPaths = (
			);
			runOnlyForDeploymentPostprocessing = 0;
			shellPath = /bin/sh;
			shellScript = "\"${SRCROOT}/Pods/Target Support Files/Pods-tumblr_2Tests/Pods-tumblr_2Tests-resources.sh\"\n";
			showEnvVarsInLog = 0;
		};
		87C6914655950CB85200D4A1 /* [CP] Check Pods Manifest.lock */ = {
			isa = PBXShellScriptBuildPhase;
			buildActionMask = 2147483647;
			files = (
			);
			inputPaths = (
				"${PODS_PODFILE_DIR_PATH}/Podfile.lock",
				"${PODS_ROOT}/Manifest.lock",
			);
			name = "[CP] Check Pods Manifest.lock";
			outputPaths = (
				"$(DERIVED_FILE_DIR)/Pods-tumblr_2Tests-checkManifestLockResult.txt",
			);
			runOnlyForDeploymentPostprocessing = 0;
			shellPath = /bin/sh;
			shellScript = "diff \"${PODS_PODFILE_DIR_PATH}/Podfile.lock\" \"${PODS_ROOT}/Manifest.lock\" > /dev/null\nif [ $? != 0 ] ; then\n    # print error to STDERR\n    echo \"error: The sandbox is not in sync with the Podfile.lock. Run 'pod install' or update your CocoaPods installation.\" >&2\n    exit 1\nfi\n# This output is used by Xcode 'outputs' to avoid re-running this script phase.\necho \"SUCCESS\" > \"${SCRIPT_OUTPUT_FILE_0}\"\n";
			showEnvVarsInLog = 0;
		};
		9A602D403AFC5B607C510E0A /* [CP] Embed Pods Frameworks */ = {
			isa = PBXShellScriptBuildPhase;
			buildActionMask = 2147483647;
			files = (
			);
			inputPaths = (
			);
			name = "[CP] Embed Pods Frameworks";
			outputPaths = (
			);
			runOnlyForDeploymentPostprocessing = 0;
			shellPath = /bin/sh;
			shellScript = "\"${SRCROOT}/Pods/Target Support Files/Pods-tumblr_2UITests/Pods-tumblr_2UITests-frameworks.sh\"\n";
			showEnvVarsInLog = 0;
		};
		AC754F7EF411BF984E2207E5 /* [CP] Copy Pods Resources */ = {
			isa = PBXShellScriptBuildPhase;
			buildActionMask = 2147483647;
			files = (
			);
			inputPaths = (
			);
			name = "[CP] Copy Pods Resources";
			outputPaths = (
			);
			runOnlyForDeploymentPostprocessing = 0;
			shellPath = /bin/sh;
			shellScript = "\"${SRCROOT}/Pods/Target Support Files/Pods-tumblr_2/Pods-tumblr_2-resources.sh\"\n";
			showEnvVarsInLog = 0;
		};
/* End PBXShellScriptBuildPhase section */

/* Begin PBXSourcesBuildPhase section */
		BCC75E05202AE14D00BD2775 /* Sources */ = {
			isa = PBXSourcesBuildPhase;
			buildActionMask = 2147483647;
			files = (
				BCC75E0D202AE14D00BD2775 /* AppDelegate.swift in Sources */,
				BCBA59C5202AE4BC005AE387 /* PhotosViewController.swift in Sources */,
			);
			runOnlyForDeploymentPostprocessing = 0;
		};
		BCC75E19202AE14E00BD2775 /* Sources */ = {
			isa = PBXSourcesBuildPhase;
			buildActionMask = 2147483647;
			files = (
				BCC75E22202AE14E00BD2775 /* tumblr_2Tests.swift in Sources */,
			);
			runOnlyForDeploymentPostprocessing = 0;
		};
		BCC75E24202AE14E00BD2775 /* Sources */ = {
			isa = PBXSourcesBuildPhase;
			buildActionMask = 2147483647;
			files = (
				BCC75E2D202AE14E00BD2775 /* tumblr_2UITests.swift in Sources */,
			);
			runOnlyForDeploymentPostprocessing = 0;
		};
/* End PBXSourcesBuildPhase section */

/* Begin PBXTargetDependency section */
		BCC75E1F202AE14E00BD2775 /* PBXTargetDependency */ = {
			isa = PBXTargetDependency;
			target = BCC75E08202AE14D00BD2775 /* tumblr_2 */;
			targetProxy = BCC75E1E202AE14E00BD2775 /* PBXContainerItemProxy */;
		};
		BCC75E2A202AE14E00BD2775 /* PBXTargetDependency */ = {
			isa = PBXTargetDependency;
			target = BCC75E08202AE14D00BD2775 /* tumblr_2 */;
			targetProxy = BCC75E29202AE14E00BD2775 /* PBXContainerItemProxy */;
		};
/* End PBXTargetDependency section */

/* Begin PBXVariantGroup section */
		BCC75E10202AE14D00BD2775 /* Main.storyboard */ = {
			isa = PBXVariantGroup;
			children = (
				BCC75E11202AE14D00BD2775 /* Base */,
			);
			name = Main.storyboard;
			sourceTree = "<group>";
		};
		BCC75E15202AE14D00BD2775 /* LaunchScreen.storyboard */ = {
			isa = PBXVariantGroup;
			children = (
				BCC75E16202AE14D00BD2775 /* Base */,
			);
			name = LaunchScreen.storyboard;
			sourceTree = "<group>";
		};
/* End PBXVariantGroup section */

/* Begin XCBuildConfiguration section */
		BCC75E2F202AE14E00BD2775 /* Debug */ = {
			isa = XCBuildConfiguration;
			buildSettings = {
				ALWAYS_SEARCH_USER_PATHS = NO;
				CLANG_ANALYZER_NONNULL = YES;
				CLANG_ANALYZER_NUMBER_OBJECT_CONVERSION = YES_AGGRESSIVE;
				CLANG_CXX_LANGUAGE_STANDARD = "gnu++0x";
				CLANG_CXX_LIBRARY = "libc++";
				CLANG_ENABLE_MODULES = YES;
				CLANG_ENABLE_OBJC_ARC = YES;
				CLANG_WARN_BOOL_CONVERSION = YES;
				CLANG_WARN_CONSTANT_CONVERSION = YES;
				CLANG_WARN_DIRECT_OBJC_ISA_USAGE = YES_ERROR;
				CLANG_WARN_DOCUMENTATION_COMMENTS = YES;
				CLANG_WARN_EMPTY_BODY = YES;
				CLANG_WARN_ENUM_CONVERSION = YES;
				CLANG_WARN_INFINITE_RECURSION = YES;
				CLANG_WARN_INT_CONVERSION = YES;
				CLANG_WARN_OBJC_ROOT_CLASS = YES_ERROR;
				CLANG_WARN_SUSPICIOUS_MOVE = YES;
				CLANG_WARN_UNREACHABLE_CODE = YES;
				CLANG_WARN__DUPLICATE_METHOD_MATCH = YES;
				"CODE_SIGN_IDENTITY[sdk=iphoneos*]" = "iPhone Developer";
				COPY_PHASE_STRIP = NO;
				DEBUG_INFORMATION_FORMAT = dwarf;
				ENABLE_STRICT_OBJC_MSGSEND = YES;
				ENABLE_TESTABILITY = YES;
				GCC_C_LANGUAGE_STANDARD = gnu99;
				GCC_DYNAMIC_NO_PIC = NO;
				GCC_NO_COMMON_BLOCKS = YES;
				GCC_OPTIMIZATION_LEVEL = 0;
				GCC_PREPROCESSOR_DEFINITIONS = (
					"DEBUG=1",
					"$(inherited)",
				);
				GCC_WARN_64_TO_32_BIT_CONVERSION = YES;
				GCC_WARN_ABOUT_RETURN_TYPE = YES_ERROR;
				GCC_WARN_UNDECLARED_SELECTOR = YES;
				GCC_WARN_UNINITIALIZED_AUTOS = YES_AGGRESSIVE;
				GCC_WARN_UNUSED_FUNCTION = YES;
				GCC_WARN_UNUSED_VARIABLE = YES;
				IPHONEOS_DEPLOYMENT_TARGET = 10.3;
				MTL_ENABLE_DEBUG_INFO = YES;
				ONLY_ACTIVE_ARCH = YES;
				SDKROOT = iphoneos;
				SWIFT_ACTIVE_COMPILATION_CONDITIONS = DEBUG;
				SWIFT_OPTIMIZATION_LEVEL = "-Onone";
			};
			name = Debug;
		};
		BCC75E30202AE14E00BD2775 /* Release */ = {
			isa = XCBuildConfiguration;
			buildSettings = {
				ALWAYS_SEARCH_USER_PATHS = NO;
				CLANG_ANALYZER_NONNULL = YES;
				CLANG_ANALYZER_NUMBER_OBJECT_CONVERSION = YES_AGGRESSIVE;
				CLANG_CXX_LANGUAGE_STANDARD = "gnu++0x";
				CLANG_CXX_LIBRARY = "libc++";
				CLANG_ENABLE_MODULES = YES;
				CLANG_ENABLE_OBJC_ARC = YES;
				CLANG_WARN_BOOL_CONVERSION = YES;
				CLANG_WARN_CONSTANT_CONVERSION = YES;
				CLANG_WARN_DIRECT_OBJC_ISA_USAGE = YES_ERROR;
				CLANG_WARN_DOCUMENTATION_COMMENTS = YES;
				CLANG_WARN_EMPTY_BODY = YES;
				CLANG_WARN_ENUM_CONVERSION = YES;
				CLANG_WARN_INFINITE_RECURSION = YES;
				CLANG_WARN_INT_CONVERSION = YES;
				CLANG_WARN_OBJC_ROOT_CLASS = YES_ERROR;
				CLANG_WARN_SUSPICIOUS_MOVE = YES;
				CLANG_WARN_UNREACHABLE_CODE = YES;
				CLANG_WARN__DUPLICATE_METHOD_MATCH = YES;
				"CODE_SIGN_IDENTITY[sdk=iphoneos*]" = "iPhone Developer";
				COPY_PHASE_STRIP = NO;
				DEBUG_INFORMATION_FORMAT = "dwarf-with-dsym";
				ENABLE_NS_ASSERTIONS = NO;
				ENABLE_STRICT_OBJC_MSGSEND = YES;
				GCC_C_LANGUAGE_STANDARD = gnu99;
				GCC_NO_COMMON_BLOCKS = YES;
				GCC_WARN_64_TO_32_BIT_CONVERSION = YES;
				GCC_WARN_ABOUT_RETURN_TYPE = YES_ERROR;
				GCC_WARN_UNDECLARED_SELECTOR = YES;
				GCC_WARN_UNINITIALIZED_AUTOS = YES_AGGRESSIVE;
				GCC_WARN_UNUSED_FUNCTION = YES;
				GCC_WARN_UNUSED_VARIABLE = YES;
				IPHONEOS_DEPLOYMENT_TARGET = 10.3;
				MTL_ENABLE_DEBUG_INFO = NO;
				SDKROOT = iphoneos;
				SWIFT_OPTIMIZATION_LEVEL = "-Owholemodule";
				VALIDATE_PRODUCT = YES;
			};
			name = Release;
		};
		BCC75E32202AE14E00BD2775 /* Debug */ = {
			isa = XCBuildConfiguration;
			baseConfigurationReference = C1F47145B3B1AD57FA53825C /* Pods-tumblr_2.debug.xcconfig */;
			buildSettings = {
				ASSETCATALOG_COMPILER_APPICON_NAME = AppIcon;
				INFOPLIST_FILE = tumblr_2/Info.plist;
				LD_RUNPATH_SEARCH_PATHS = "$(inherited) @executable_path/Frameworks";
				PRODUCT_BUNDLE_IDENTIFIER = "com.alicia.tumblr-2";
				PRODUCT_NAME = "$(TARGET_NAME)";
				SWIFT_VERSION = 3.0;
			};
			name = Debug;
		};
		BCC75E33202AE14E00BD2775 /* Release */ = {
			isa = XCBuildConfiguration;
			baseConfigurationReference = 8D8847551A72CC3C9AB2A228 /* Pods-tumblr_2.release.xcconfig */;
			buildSettings = {
				ASSETCATALOG_COMPILER_APPICON_NAME = AppIcon;
				INFOPLIST_FILE = tumblr_2/Info.plist;
				LD_RUNPATH_SEARCH_PATHS = "$(inherited) @executable_path/Frameworks";
				PRODUCT_BUNDLE_IDENTIFIER = "com.alicia.tumblr-2";
				PRODUCT_NAME = "$(TARGET_NAME)";
				SWIFT_VERSION = 3.0;
			};
			name = Release;
		};
		BCC75E35202AE14E00BD2775 /* Debug */ = {
			isa = XCBuildConfiguration;
			baseConfigurationReference = 2059BE723E99BC8FF5AC58C2 /* Pods-tumblr_2Tests.debug.xcconfig */;
			buildSettings = {
				ALWAYS_EMBED_SWIFT_STANDARD_LIBRARIES = YES;
				BUNDLE_LOADER = "$(TEST_HOST)";
				INFOPLIST_FILE = tumblr_2Tests/Info.plist;
				LD_RUNPATH_SEARCH_PATHS = "$(inherited) @executable_path/Frameworks @loader_path/Frameworks";
				PRODUCT_BUNDLE_IDENTIFIER = "com.alicia.tumblr-2Tests";
				PRODUCT_NAME = "$(TARGET_NAME)";
				SWIFT_VERSION = 3.0;
				TEST_HOST = "$(BUILT_PRODUCTS_DIR)/tumblr_2.app/tumblr_2";
			};
			name = Debug;
		};
		BCC75E36202AE14E00BD2775 /* Release */ = {
			isa = XCBuildConfiguration;
			baseConfigurationReference = 0ABDFC02836727AF1BA5FC79 /* Pods-tumblr_2Tests.release.xcconfig */;
			buildSettings = {
				ALWAYS_EMBED_SWIFT_STANDARD_LIBRARIES = YES;
				BUNDLE_LOADER = "$(TEST_HOST)";
				INFOPLIST_FILE = tumblr_2Tests/Info.plist;
				LD_RUNPATH_SEARCH_PATHS = "$(inherited) @executable_path/Frameworks @loader_path/Frameworks";
				PRODUCT_BUNDLE_IDENTIFIER = "com.alicia.tumblr-2Tests";
				PRODUCT_NAME = "$(TARGET_NAME)";
				SWIFT_VERSION = 3.0;
				TEST_HOST = "$(BUILT_PRODUCTS_DIR)/tumblr_2.app/tumblr_2";
			};
			name = Release;
		};
		BCC75E38202AE14E00BD2775 /* Debug */ = {
			isa = XCBuildConfiguration;
			baseConfigurationReference = 31B93D22FB09F474AAA5A0A9 /* Pods-tumblr_2UITests.debug.xcconfig */;
			buildSettings = {
				ALWAYS_EMBED_SWIFT_STANDARD_LIBRARIES = YES;
				INFOPLIST_FILE = tumblr_2UITests/Info.plist;
				LD_RUNPATH_SEARCH_PATHS = "$(inherited) @executable_path/Frameworks @loader_path/Frameworks";
				PRODUCT_BUNDLE_IDENTIFIER = "com.alicia.tumblr-2UITests";
				PRODUCT_NAME = "$(TARGET_NAME)";
				SWIFT_VERSION = 3.0;
				TEST_TARGET_NAME = tumblr_2;
			};
			name = Debug;
		};
		BCC75E39202AE14E00BD2775 /* Release */ = {
			isa = XCBuildConfiguration;
			baseConfigurationReference = B42DEA0916ED9DC4CF8109BA /* Pods-tumblr_2UITests.release.xcconfig */;
			buildSettings = {
				ALWAYS_EMBED_SWIFT_STANDARD_LIBRARIES = YES;
				INFOPLIST_FILE = tumblr_2UITests/Info.plist;
				LD_RUNPATH_SEARCH_PATHS = "$(inherited) @executable_path/Frameworks @loader_path/Frameworks";
				PRODUCT_BUNDLE_IDENTIFIER = "com.alicia.tumblr-2UITests";
				PRODUCT_NAME = "$(TARGET_NAME)";
				SWIFT_VERSION = 3.0;
				TEST_TARGET_NAME = tumblr_2;
			};
			name = Release;
		};
/* End XCBuildConfiguration section */

/* Begin XCConfigurationList section */
		BCC75E04202AE14D00BD2775 /* Build configuration list for PBXProject "tumblr_2" */ = {
			isa = XCConfigurationList;
			buildConfigurations = (
				BCC75E2F202AE14E00BD2775 /* Debug */,
				BCC75E30202AE14E00BD2775 /* Release */,
			);
			defaultConfigurationIsVisible = 0;
			defaultConfigurationName = Release;
		};
		BCC75E31202AE14E00BD2775 /* Build configuration list for PBXNativeTarget "tumblr_2" */ = {
			isa = XCConfigurationList;
			buildConfigurations = (
				BCC75E32202AE14E00BD2775 /* Debug */,
				BCC75E33202AE14E00BD2775 /* Release */,
			);
			defaultConfigurationIsVisible = 0;
			defaultConfigurationName = Release;
		};
		BCC75E34202AE14E00BD2775 /* Build configuration list for PBXNativeTarget "tumblr_2Tests" */ = {
			isa = XCConfigurationList;
			buildConfigurations = (
				BCC75E35202AE14E00BD2775 /* Debug */,
				BCC75E36202AE14E00BD2775 /* Release */,
			);
			defaultConfigurationIsVisible = 0;
			defaultConfigurationName = Release;
		};
		BCC75E37202AE14E00BD2775 /* Build configuration list for PBXNativeTarget "tumblr_2UITests" */ = {
			isa = XCConfigurationList;
			buildConfigurations = (
				BCC75E38202AE14E00BD2775 /* Debug */,
				BCC75E39202AE14E00BD2775 /* Release */,
			);
			defaultConfigurationIsVisible = 0;
			defaultConfigurationName = Release;
		};
/* End XCConfigurationList section */
	};
	rootObject = BCC75E01202AE14D00BD2775 /* Project object */;
}
